
Microsoft Visual Studio Solution File, Format Version 12.00
# Visual Studio 15
VisualStudioVersion = 15.0.26124.0
MinimumVisualStudioVersion = 15.0.26124.0
Project("{9A19103F-16F7-4668-BE54-9A1E7A4F7556}") = "CMSCore.Library.GrainInterfaces", "CMSCore.Library.GrainInterfaces\CMSCore.Library.GrainInterfaces.csproj", "{31FDFCA4-F497-444B-907C-712164102BCB}"
EndProject
Global
	GlobalSection(SolutionConfigurationPlatforms) = preSolution
		Debug|Any CPU = Debug|Any CPU
		Debug|x64 = Debug|x64
		Debug|x86 = Debug|x86
		Release|Any CPU = Release|Any CPU
		Release|x64 = Release|x64
		Release|x86 = Release|x86
	EndGlobalSection
	GlobalSection(ProjectConfigurationPlatforms) = postSolution
		{31FDFCA4-F497-444B-907C-712164102BCB}.Debug|Any CPU.ActiveCfg = Debug|Any CPU
		{31FDFCA4-F497-444B-907C-712164102BCB}.Debug|Any CPU.Build.0 = Debug|Any CPU
		{31FDFCA4-F497-444B-907C-712164102BCB}.Debug|x64.ActiveCfg = Debug|Any CPU
		{31FDFCA4-F497-444B-907C-712164102BCB}.Debug|x64.Build.0 = Debug|Any CPU
		{31FDFCA4-F497-444B-907C-712164102BCB}.Debug|x86.ActiveCfg = Debug|Any CPU
		{31FDFCA4-F497-444B-907C-712164102BCB}.Debug|x86.Build.0 = Debug|Any CPU
		{31FDFCA4-F497-444B-907C-712164102BCB}.Release|Any CPU.ActiveCfg = Release|Any CPU
		{31FDFCA4-F497-444B-907C-712164102BCB}.Release|Any CPU.Build.0 = Release|Any CPU
		{31FDFCA4-F497-444B-907C-712164102BCB}.Release|x64.ActiveCfg = Release|Any CPU
		{31FDFCA4-F497-444B-907C-712164102BCB}.Release|x64.Build.0 = Release|Any CPU
		{31FDFCA4-F497-444B-907C-712164102BCB}.Release|x86.ActiveCfg = Release|Any CPU
		{31FDFCA4-F497-444B-907C-712164102BCB}.Release|x86.Build.0 = Release|Any CPU
	EndGlobalSection
	GlobalSection(SolutionProperties) = preSolution
		HideSolutionNode = FALSE
	EndGlobalSection
	GlobalSection(ExtensibilityGlobals) = postSolution
		SolutionGuid = {982FC3A3-34CC-4379-9EBD-6B8DBCC81433}
	EndGlobalSection
EndGlobal
